
Microsoft Visual Studio Solution File, Format Version 12.00
# Visual Studio Version 17
VisualStudioVersion = 17.4.33122.133
MinimumVisualStudioVersion = 10.0.40219.1
Project("{9A19103F-16F7-4668-BE54-9A1E7A4F7556}") = "Day1", "Day1\Day1.csproj", "{1351B14A-F68D-4D47-B27D-4F6F1D3AD9A4}"
EndProject
Project("{9A19103F-16F7-4668-BE54-9A1E7A4F7556}") = "Day2", "Day2\Day2.csproj", "{5CB63D03-2814-48DB-8ADD-4AB0DC61D92E}"
EndProject
Project("{9A19103F-16F7-4668-BE54-9A1E7A4F7556}") = "Day3", "Day3\Day3.csproj", "{48417FA2-3759-4FBF-BE08-C54366777A42}"
EndProject
Project("{9A19103F-16F7-4668-BE54-9A1E7A4F7556}") = "Day4", "Day4\Day4.csproj", "{83AF0E0D-E13F-4A92-837B-7D3AAE7FF169}"
EndProject
Project("{9A19103F-16F7-4668-BE54-9A1E7A4F7556}") = "Day5", "Day5\Day5.csproj", "{3FA7990A-B51F-4C62-A026-068605D0C801}"
EndProject
Project("{9A19103F-16F7-4668-BE54-9A1E7A4F7556}") = "Common", "Common\Common.csproj", "{A286D382-5771-4215-93C2-FCE6FB06F54A}"
EndProject
Project("{9A19103F-16F7-4668-BE54-9A1E7A4F7556}") = "Day6", "Day6\Day6.csproj", "{56C17F98-9F1F-4F0A-AEB0-C7E4E66575AE}"
EndProject
Project("{9A19103F-16F7-4668-BE54-9A1E7A4F7556}") = "Day7", "Day7\Day7.csproj", "{ED26A72C-4012-4D37-8B74-8F9ECAC35547}"
EndProject
Project("{9A19103F-16F7-4668-BE54-9A1E7A4F7556}") = "Day8", "Day8\Day8.csproj", "{2A1EF420-D8DE-4D32-B9EA-86811E0367DD}"
EndProject
Project("{9A19103F-16F7-4668-BE54-9A1E7A4F7556}") = "Day9", "Day9\Day9.csproj", "{2FACAF07-B9D4-4C90-BA72-7384BDC863E9}"
EndProject
Project("{9A19103F-16F7-4668-BE54-9A1E7A4F7556}") = "Day10", "Day10\Day10.csproj", "{7F011C98-86AB-42E3-B280-9DFB02334F75}"
EndProject
Project("{9A19103F-16F7-4668-BE54-9A1E7A4F7556}") = "Day11", "Day11\Day11.csproj", "{B0DE38EC-F167-46CA-A140-6A62FECA5BBE}"
EndProject
Project("{9A19103F-16F7-4668-BE54-9A1E7A4F7556}") = "Day12", "Day12\Day12.csproj", "{3E5948B7-537D-4D47-BB95-E5A7FF0DAC9A}"
EndProject
Project("{9A19103F-16F7-4668-BE54-9A1E7A4F7556}") = "Day13", "Day13\Day13.csproj", "{59EC3CDC-BE1F-49B2-89D4-6DE9AA8544B1}"
EndProject
Project("{9A19103F-16F7-4668-BE54-9A1E7A4F7556}") = "Day14", "Day14\Day14.csproj", "{3138EB0A-4224-4A63-9E57-C87A2E693FD7}"
EndProject
Project("{2150E333-8FDC-42A3-9474-1A3956D46DE8}") = "Solution Items", "Solution Items", "{2E081C8B-78D4-44DF-9325-2EEB884786D5}"
	ProjectSection(SolutionItems) = preProject
		.editorconfig = .editorconfig
	EndProjectSection
EndProject
Project("{9A19103F-16F7-4668-BE54-9A1E7A4F7556}") = "Day15", "Day15\Day15.csproj", "{7FE2EA91-0F9E-47EF-998C-EBA726A576D8}"
EndProject
Project("{9A19103F-16F7-4668-BE54-9A1E7A4F7556}") = "Day16", "Day16\Day16.csproj", "{08425B3F-9DEF-4AD8-A854-1AA950A11CF8}"
EndProject
Global
	GlobalSection(SolutionConfigurationPlatforms) = preSolution
		Debug|Any CPU = Debug|Any CPU
		Release|Any CPU = Release|Any CPU
	EndGlobalSection
	GlobalSection(ProjectConfigurationPlatforms) = postSolution
		{1351B14A-F68D-4D47-B27D-4F6F1D3AD9A4}.Debug|Any CPU.ActiveCfg = Debug|Any CPU
		{1351B14A-F68D-4D47-B27D-4F6F1D3AD9A4}.Debug|Any CPU.Build.0 = Debug|Any CPU
		{1351B14A-F68D-4D47-B27D-4F6F1D3AD9A4}.Release|Any CPU.ActiveCfg = Release|Any CPU
		{1351B14A-F68D-4D47-B27D-4F6F1D3AD9A4}.Release|Any CPU.Build.0 = Release|Any CPU
		{5CB63D03-2814-48DB-8ADD-4AB0DC61D92E}.Debug|Any CPU.ActiveCfg = Debug|Any CPU
		{5CB63D03-2814-48DB-8ADD-4AB0DC61D92E}.Debug|Any CPU.Build.0 = Debug|Any CPU
		{5CB63D03-2814-48DB-8ADD-4AB0DC61D92E}.Release|Any CPU.ActiveCfg = Release|Any CPU
		{5CB63D03-2814-48DB-8ADD-4AB0DC61D92E}.Release|Any CPU.Build.0 = Release|Any CPU
		{48417FA2-3759-4FBF-BE08-C54366777A42}.Debug|Any CPU.ActiveCfg = Debug|Any CPU
		{48417FA2-3759-4FBF-BE08-C54366777A42}.Debug|Any CPU.Build.0 = Debug|Any CPU
		{48417FA2-3759-4FBF-BE08-C54366777A42}.Release|Any CPU.ActiveCfg = Release|Any CPU
		{48417FA2-3759-4FBF-BE08-C54366777A42}.Release|Any CPU.Build.0 = Release|Any CPU
		{83AF0E0D-E13F-4A92-837B-7D3AAE7FF169}.Debug|Any CPU.ActiveCfg = Debug|Any CPU
		{83AF0E0D-E13F-4A92-837B-7D3AAE7FF169}.Debug|Any CPU.Build.0 = Debug|Any CPU
		{83AF0E0D-E13F-4A92-837B-7D3AAE7FF169}.Release|Any CPU.ActiveCfg = Release|Any CPU
		{83AF0E0D-E13F-4A92-837B-7D3AAE7FF169}.Release|Any CPU.Build.0 = Release|Any CPU
		{3FA7990A-B51F-4C62-A026-068605D0C801}.Debug|Any CPU.ActiveCfg = Debug|Any CPU
		{3FA7990A-B51F-4C62-A026-068605D0C801}.Debug|Any CPU.Build.0 = Debug|Any CPU
		{3FA7990A-B51F-4C62-A026-068605D0C801}.Release|Any CPU.ActiveCfg = Release|Any CPU
		{3FA7990A-B51F-4C62-A026-068605D0C801}.Release|Any CPU.Build.0 = Release|Any CPU
		{A286D382-5771-4215-93C2-FCE6FB06F54A}.Debug|Any CPU.ActiveCfg = Debug|Any CPU
		{A286D382-5771-4215-93C2-FCE6FB06F54A}.Debug|Any CPU.Build.0 = Debug|Any CPU
		{A286D382-5771-4215-93C2-FCE6FB06F54A}.Release|Any CPU.ActiveCfg = Release|Any CPU
		{A286D382-5771-4215-93C2-FCE6FB06F54A}.Release|Any CPU.Build.0 = Release|Any CPU
		{56C17F98-9F1F-4F0A-AEB0-C7E4E66575AE}.Debug|Any CPU.ActiveCfg = Debug|Any CPU
		{56C17F98-9F1F-4F0A-AEB0-C7E4E66575AE}.Debug|Any CPU.Build.0 = Debug|Any CPU
		{56C17F98-9F1F-4F0A-AEB0-C7E4E66575AE}.Release|Any CPU.ActiveCfg = Release|Any CPU
		{56C17F98-9F1F-4F0A-AEB0-C7E4E66575AE}.Release|Any CPU.Build.0 = Release|Any CPU
		{ED26A72C-4012-4D37-8B74-8F9ECAC35547}.Debug|Any CPU.ActiveCfg = Debug|Any CPU
		{ED26A72C-4012-4D37-8B74-8F9ECAC35547}.Debug|Any CPU.Build.0 = Debug|Any CPU
		{ED26A72C-4012-4D37-8B74-8F9ECAC35547}.Release|Any CPU.ActiveCfg = Release|Any CPU
		{ED26A72C-4012-4D37-8B74-8F9ECAC35547}.Release|Any CPU.Build.0 = Release|Any CPU
		{2A1EF420-D8DE-4D32-B9EA-86811E0367DD}.Debug|Any CPU.ActiveCfg = Debug|Any CPU
		{2A1EF420-D8DE-4D32-B9EA-86811E0367DD}.Debug|Any CPU.Build.0 = Debug|Any CPU
		{2A1EF420-D8DE-4D32-B9EA-86811E0367DD}.Release|Any CPU.ActiveCfg = Release|Any CPU
		{2A1EF420-D8DE-4D32-B9EA-86811E0367DD}.Release|Any CPU.Build.0 = Release|Any CPU
		{2FACAF07-B9D4-4C90-BA72-7384BDC863E9}.Debug|Any CPU.ActiveCfg = Debug|Any CPU
		{2FACAF07-B9D4-4C90-BA72-7384BDC863E9}.Debug|Any CPU.Build.0 = Debug|Any CPU
		{2FACAF07-B9D4-4C90-BA72-7384BDC863E9}.Release|Any CPU.ActiveCfg = Release|Any CPU
		{2FACAF07-B9D4-4C90-BA72-7384BDC863E9}.Release|Any CPU.Build.0 = Release|Any CPU
		{7F011C98-86AB-42E3-B280-9DFB02334F75}.Debug|Any CPU.ActiveCfg = Debug|Any CPU
		{7F011C98-86AB-42E3-B280-9DFB02334F75}.Debug|Any CPU.Build.0 = Debug|Any CPU
		{7F011C98-86AB-42E3-B280-9DFB02334F75}.Release|Any CPU.ActiveCfg = Release|Any CPU
		{7F011C98-86AB-42E3-B280-9DFB02334F75}.Release|Any CPU.Build.0 = Release|Any CPU
		{B0DE38EC-F167-46CA-A140-6A62FECA5BBE}.Debug|Any CPU.ActiveCfg = Debug|Any CPU
		{B0DE38EC-F167-46CA-A140-6A62FECA5BBE}.Debug|Any CPU.Build.0 = Debug|Any CPU
		{B0DE38EC-F167-46CA-A140-6A62FECA5BBE}.Release|Any CPU.ActiveCfg = Release|Any CPU
		{B0DE38EC-F167-46CA-A140-6A62FECA5BBE}.Release|Any CPU.Build.0 = Release|Any CPU
		{3E5948B7-537D-4D47-BB95-E5A7FF0DAC9A}.Debug|Any CPU.ActiveCfg = Debug|Any CPU
		{3E5948B7-537D-4D47-BB95-E5A7FF0DAC9A}.Debug|Any CPU.Build.0 = Debug|Any CPU
		{3E5948B7-537D-4D47-BB95-E5A7FF0DAC9A}.Release|Any CPU.ActiveCfg = Release|Any CPU
		{3E5948B7-537D-4D47-BB95-E5A7FF0DAC9A}.Release|Any CPU.Build.0 = Release|Any CPU
		{59EC3CDC-BE1F-49B2-89D4-6DE9AA8544B1}.Debug|Any CPU.ActiveCfg = Debug|Any CPU
		{59EC3CDC-BE1F-49B2-89D4-6DE9AA8544B1}.Debug|Any CPU.Build.0 = Debug|Any CPU
		{59EC3CDC-BE1F-49B2-89D4-6DE9AA8544B1}.Release|Any CPU.ActiveCfg = Release|Any CPU
		{59EC3CDC-BE1F-49B2-89D4-6DE9AA8544B1}.Release|Any CPU.Build.0 = Release|Any CPU
		{3138EB0A-4224-4A63-9E57-C87A2E693FD7}.Debug|Any CPU.ActiveCfg = Debug|Any CPU
		{3138EB0A-4224-4A63-9E57-C87A2E693FD7}.Debug|Any CPU.Build.0 = Debug|Any CPU
		{3138EB0A-4224-4A63-9E57-C87A2E693FD7}.Release|Any CPU.ActiveCfg = Release|Any CPU
		{3138EB0A-4224-4A63-9E57-C87A2E693FD7}.Release|Any CPU.Build.0 = Release|Any CPU
		{7FE2EA91-0F9E-47EF-998C-EBA726A576D8}.Debug|Any CPU.ActiveCfg = Debug|Any CPU
		{7FE2EA91-0F9E-47EF-998C-EBA726A576D8}.Debug|Any CPU.Build.0 = Debug|Any CPU
		{7FE2EA91-0F9E-47EF-998C-EBA726A576D8}.Release|Any CPU.ActiveCfg = Release|Any CPU
		{7FE2EA91-0F9E-47EF-998C-EBA726A576D8}.Release|Any CPU.Build.0 = Release|Any CPU
		{08425B3F-9DEF-4AD8-A854-1AA950A11CF8}.Debug|Any CPU.ActiveCfg = Debug|Any CPU
		{08425B3F-9DEF-4AD8-A854-1AA950A11CF8}.Debug|Any CPU.Build.0 = Debug|Any CPU
		{08425B3F-9DEF-4AD8-A854-1AA950A11CF8}.Release|Any CPU.ActiveCfg = Release|Any CPU
		{08425B3F-9DEF-4AD8-A854-1AA950A11CF8}.Release|Any CPU.Build.0 = Release|Any CPU
	EndGlobalSection
	GlobalSection(SolutionProperties) = preSolution
		HideSolutionNode = FALSE
	EndGlobalSection
	GlobalSection(ExtensibilityGlobals) = postSolution
		SolutionGuid = {C87974FE-74E4-42C5-B378-5E713C2A7042}
	EndGlobalSection
EndGlobal
